
Microsoft Visual Studio Solution File, Format Version 12.00
# Visual Studio Version 16
VisualStudioVersion = 16.0.29123.88
MinimumVisualStudioVersion = 10.0.40219.1
Project("{2150E333-8FDC-42A3-9474-1A3956D46DE8}") = "Lib", "Lib", "{1DEED5F2-96BA-4573-B95E-209B256FEA62}"
EndProject
Project("{2150E333-8FDC-42A3-9474-1A3956D46DE8}") = "Test", "Test", "{B182EF81-E5EC-438E-A173-6444191DEE51}"
EndProject
Project("{2150E333-8FDC-42A3-9474-1A3956D46DE8}") = "Build", "Build", "{7CA0A236-FAFF-45D8-8913-8D86AA8BF426}"
	ProjectSection(SolutionItems) = preProject
		..\eng\Build\Ci.yml = ..\eng\Build\Ci.yml
		..\eng\Build\local_afterbuild_dll_dist.bat = ..\eng\Build\local_afterbuild_dll_dist.bat
	EndProjectSection
EndProject
Project("{2150E333-8FDC-42A3-9474-1A3956D46DE8}") = "CodeStyle", "CodeStyle", "{4E392F89-6E70-401F-80B7-369C3E143A9F}"
	ProjectSection(SolutionItems) = preProject
		..\eng\CodeStyle\AnalyzerRules.ruleset = ..\eng\CodeStyle\AnalyzerRules.ruleset
		..\eng\CodeStyle\stylecop.json = ..\eng\CodeStyle\stylecop.json
	EndProjectSection
EndProject
Project("{2150E333-8FDC-42A3-9474-1A3956D46DE8}") = "Readme", "Readme", "{824D1031-51B4-4D36-B6B6-9A1B9C1254C2}"
	ProjectSection(SolutionItems) = preProject
		..\README.md = ..\README.md
	EndProjectSection
EndProject
Project("{2150E333-8FDC-42A3-9474-1A3956D46DE8}") = "Src", "Src", "{262760A2-28E6-4AB2-8954-096DB81767BD}"
EndProject
Project("{9A19103F-16F7-4668-BE54-9A1E7A4F7556}") = "Mql.Telegram", "StEn.MMM\Mql.Telegram\Mql.Telegram.csproj", "{B191BFAA-0ABC-4AF8-9BF4-B6B965E4F8E3}"
EndProject
Project("{9A19103F-16F7-4668-BE54-9A1E7A4F7556}") = "Mql.Common", "StEn.MMM\Mql.Common\Mql.Common.csproj", "{A0CC2CC6-9334-486B-8052-2F830001F336}"
EndProject
Project("{9A19103F-16F7-4668-BE54-9A1E7A4F7556}") = "Mql.Telegram.Tests", "StEn.MMM.Test\Mql.Telegram.Test\Mql.Telegram.Tests.csproj", "{F889D648-B575-4010-A158-125C79803F24}"
EndProject
Project("{2150E333-8FDC-42A3-9474-1A3956D46DE8}") = "Git", "Git", "{1E911E0A-09A0-4E92-BBA7-160E1A539402}"
	ProjectSection(SolutionItems) = preProject
		..\.gitattributes = ..\.gitattributes
		..\.gitignore = ..\.gitignore
	EndProjectSection
EndProject
Project("{9A19103F-16F7-4668-BE54-9A1E7A4F7556}") = "Mql.Common.Tests", "StEn.MMM.Test\Mql.Common.Tests\Mql.Common.Tests.csproj", "{E6CAEBBC-7CFA-4CEB-958E-12BEB2AF1F74}"
EndProject
Project("{9A19103F-16F7-4668-BE54-9A1E7A4F7556}") = "Mql.Telegram.IntegrationTests", "StEn.MMM.Test\Mql.Telegram.IntegrationTests\Mql.Telegram.IntegrationTests.csproj", "{791E6BD1-53BF-4C45-9F98-40AD1754C31F}"
EndProject
Project("{9A19103F-16F7-4668-BE54-9A1E7A4F7556}") = "Mql.Generator", "StEn.MMM\Mql.Generator\Mql.Generator.csproj", "{C661CDB4-427A-4C73-A8CE-CBC383F7B776}"
EndProject
Project("{2150E333-8FDC-42A3-9474-1A3956D46DE8}") = "doc", "doc", "{A4E86A10-BE38-4CC9-9AC7-FE0C64986959}"
EndProject
Project("{2150E333-8FDC-42A3-9474-1A3956D46DE8}") = "Documentation", "Documentation", "{62758EC6-27C4-4A41-8CCD-18767B6CE608}"
	ProjectSection(SolutionItems) = preProject
		..\doc\module_usage\implementation\metatrader5\MQL5\Experts\MMM_Common\JsonExamples.mq5 = ..\doc\module_usage\implementation\metatrader5\MQL5\Experts\MMM_Common\JsonExamples.mq5
		..\doc\module_usage\api\sten.mmm.mql.mail\StEn.MMM.Mql.Mail_latest.md = ..\doc\module_usage\api\sten.mmm.mql.mail\StEn.MMM.Mql.Mail_latest.md
		..\doc\module_usage\implementation\metatrader5\MQL5\Experts\MMM_Modules\sten.mmm.mql.mail\StEn.MMM.Mql.Mail_latest.mq5 = ..\doc\module_usage\implementation\metatrader5\MQL5\Experts\MMM_Modules\sten.mmm.mql.mail\StEn.MMM.Mql.Mail_latest.mq5
		..\doc\module_usage\api\sten.mmm.mql.telegram\StEn.MMM.Mql.Telegram_latest.md = ..\doc\module_usage\api\sten.mmm.mql.telegram\StEn.MMM.Mql.Telegram_latest.md
		..\doc\module_usage\implementation\metatrader5\MQL5\Experts\MMM_Modules\sten.mmm.mql.telegram\StEn.MMM.Mql.Telegram_latest.mq5 = ..\doc\module_usage\implementation\metatrader5\MQL5\Experts\MMM_Modules\sten.mmm.mql.telegram\StEn.MMM.Mql.Telegram_latest.mq5
	EndProjectSection
EndProject
Project("{9A19103F-16F7-4668-BE54-9A1E7A4F7556}") = "Mql.Mail", "StEn.MMM\Mql.Mail\Mql.Mail.csproj", "{07B90D0E-7456-4A1D-861F-90A2F1E816B2}"
EndProject
Project("{9A19103F-16F7-4668-BE54-9A1E7A4F7556}") = "Mql.Mail.Tests", "StEn.MMM.Test\Mql.Mail.Tests\Mql.Mail.Tests.csproj", "{481E6B94-6711-4C3D-B8AE-BC67D0DEDD73}"
EndProject
Project("{9A19103F-16F7-4668-BE54-9A1E7A4F7556}") = "Mql.Mail.IntegrationTests", "StEn.MMM.Test\Mql.Mail.IntegrationTests\Mql.Mail.IntegrationTests.csproj", "{FEA97291-2295-43C6-A2FA-65C8236D02F2}"
EndProject
Global
	GlobalSection(SolutionConfigurationPlatforms) = preSolution
		Debug|Any CPU = Debug|Any CPU
		Release|Any CPU = Release|Any CPU
	EndGlobalSection
	GlobalSection(ProjectConfigurationPlatforms) = postSolution
		{B191BFAA-0ABC-4AF8-9BF4-B6B965E4F8E3}.Debug|Any CPU.ActiveCfg = Debug|Any CPU
		{B191BFAA-0ABC-4AF8-9BF4-B6B965E4F8E3}.Debug|Any CPU.Build.0 = Debug|Any CPU
		{B191BFAA-0ABC-4AF8-9BF4-B6B965E4F8E3}.Release|Any CPU.ActiveCfg = Release|Any CPU
		{B191BFAA-0ABC-4AF8-9BF4-B6B965E4F8E3}.Release|Any CPU.Build.0 = Release|Any CPU
		{A0CC2CC6-9334-486B-8052-2F830001F336}.Debug|Any CPU.ActiveCfg = Debug|Any CPU
		{A0CC2CC6-9334-486B-8052-2F830001F336}.Debug|Any CPU.Build.0 = Debug|Any CPU
		{A0CC2CC6-9334-486B-8052-2F830001F336}.Release|Any CPU.ActiveCfg = Release|Any CPU
		{A0CC2CC6-9334-486B-8052-2F830001F336}.Release|Any CPU.Build.0 = Release|Any CPU
		{F889D648-B575-4010-A158-125C79803F24}.Debug|Any CPU.ActiveCfg = Debug|Any CPU
		{F889D648-B575-4010-A158-125C79803F24}.Debug|Any CPU.Build.0 = Debug|Any CPU
		{F889D648-B575-4010-A158-125C79803F24}.Release|Any CPU.ActiveCfg = Release|Any CPU
		{F889D648-B575-4010-A158-125C79803F24}.Release|Any CPU.Build.0 = Release|Any CPU
		{E6CAEBBC-7CFA-4CEB-958E-12BEB2AF1F74}.Debug|Any CPU.ActiveCfg = Debug|Any CPU
		{E6CAEBBC-7CFA-4CEB-958E-12BEB2AF1F74}.Debug|Any CPU.Build.0 = Debug|Any CPU
		{E6CAEBBC-7CFA-4CEB-958E-12BEB2AF1F74}.Release|Any CPU.ActiveCfg = Release|Any CPU
		{E6CAEBBC-7CFA-4CEB-958E-12BEB2AF1F74}.Release|Any CPU.Build.0 = Release|Any CPU
		{791E6BD1-53BF-4C45-9F98-40AD1754C31F}.Debug|Any CPU.ActiveCfg = Debug|Any CPU
		{791E6BD1-53BF-4C45-9F98-40AD1754C31F}.Debug|Any CPU.Build.0 = Debug|Any CPU
		{791E6BD1-53BF-4C45-9F98-40AD1754C31F}.Release|Any CPU.ActiveCfg = Release|Any CPU
		{791E6BD1-53BF-4C45-9F98-40AD1754C31F}.Release|Any CPU.Build.0 = Release|Any CPU
		{C661CDB4-427A-4C73-A8CE-CBC383F7B776}.Debug|Any CPU.ActiveCfg = Debug|Any CPU
		{C661CDB4-427A-4C73-A8CE-CBC383F7B776}.Debug|Any CPU.Build.0 = Debug|Any CPU
		{C661CDB4-427A-4C73-A8CE-CBC383F7B776}.Release|Any CPU.ActiveCfg = Release|Any CPU
		{C661CDB4-427A-4C73-A8CE-CBC383F7B776}.Release|Any CPU.Build.0 = Release|Any CPU
		{07B90D0E-7456-4A1D-861F-90A2F1E816B2}.Debug|Any CPU.ActiveCfg = Debug|Any CPU
		{07B90D0E-7456-4A1D-861F-90A2F1E816B2}.Debug|Any CPU.Build.0 = Debug|Any CPU
		{07B90D0E-7456-4A1D-861F-90A2F1E816B2}.Release|Any CPU.ActiveCfg = Release|Any CPU
		{07B90D0E-7456-4A1D-861F-90A2F1E816B2}.Release|Any CPU.Build.0 = Release|Any CPU
		{481E6B94-6711-4C3D-B8AE-BC67D0DEDD73}.Debug|Any CPU.ActiveCfg = Debug|Any CPU
		{481E6B94-6711-4C3D-B8AE-BC67D0DEDD73}.Debug|Any CPU.Build.0 = Debug|Any CPU
		{481E6B94-6711-4C3D-B8AE-BC67D0DEDD73}.Release|Any CPU.ActiveCfg = Release|Any CPU
		{481E6B94-6711-4C3D-B8AE-BC67D0DEDD73}.Release|Any CPU.Build.0 = Release|Any CPU
		{FEA97291-2295-43C6-A2FA-65C8236D02F2}.Debug|Any CPU.ActiveCfg = Debug|Any CPU
		{FEA97291-2295-43C6-A2FA-65C8236D02F2}.Debug|Any CPU.Build.0 = Debug|Any CPU
		{FEA97291-2295-43C6-A2FA-65C8236D02F2}.Release|Any CPU.ActiveCfg = Release|Any CPU
		{FEA97291-2295-43C6-A2FA-65C8236D02F2}.Release|Any CPU.Build.0 = Release|Any CPU
	EndGlobalSection
	GlobalSection(SolutionProperties) = preSolution
		HideSolutionNode = FALSE
	EndGlobalSection
	GlobalSection(NestedProjects) = preSolution
		{1DEED5F2-96BA-4573-B95E-209B256FEA62} = {262760A2-28E6-4AB2-8954-096DB81767BD}
		{B191BFAA-0ABC-4AF8-9BF4-B6B965E4F8E3} = {1DEED5F2-96BA-4573-B95E-209B256FEA62}
		{A0CC2CC6-9334-486B-8052-2F830001F336} = {1DEED5F2-96BA-4573-B95E-209B256FEA62}
		{F889D648-B575-4010-A158-125C79803F24} = {B182EF81-E5EC-438E-A173-6444191DEE51}
		{E6CAEBBC-7CFA-4CEB-958E-12BEB2AF1F74} = {B182EF81-E5EC-438E-A173-6444191DEE51}
		{791E6BD1-53BF-4C45-9F98-40AD1754C31F} = {B182EF81-E5EC-438E-A173-6444191DEE51}
		{C661CDB4-427A-4C73-A8CE-CBC383F7B776} = {A4E86A10-BE38-4CC9-9AC7-FE0C64986959}
		{A4E86A10-BE38-4CC9-9AC7-FE0C64986959} = {262760A2-28E6-4AB2-8954-096DB81767BD}
		{07B90D0E-7456-4A1D-861F-90A2F1E816B2} = {1DEED5F2-96BA-4573-B95E-209B256FEA62}
		{481E6B94-6711-4C3D-B8AE-BC67D0DEDD73} = {B182EF81-E5EC-438E-A173-6444191DEE51}
		{FEA97291-2295-43C6-A2FA-65C8236D02F2} = {B182EF81-E5EC-438E-A173-6444191DEE51}
	EndGlobalSection
	GlobalSection(ExtensibilityGlobals) = postSolution
		SolutionGuid = {AF7D570D-7F33-4493-9EDD-6D20FD12739A}
	EndGlobalSection
EndGlobal
